
Microsoft Visual Studio Solution File, Format Version 12.00
# Visual Studio Version 17
VisualStudioVersion = 17.11.35327.3
MinimumVisualStudioVersion = 10.0.40219.1
Project("{9A19103F-16F7-4668-BE54-9A1E7A4F7556}") = "Copilot", "Copilot\Copilot.csproj", "{EB1FF26B-DB66-4890-9495-02DA953F8AAC}"
EndProject
Project("{FAE04EC0-301F-11D3-BF4B-00C04F79EFBC}") = "Tests", "Tests\Tests.csproj", "{AD169CAF-55E7-4CC4-98DD-3290C1343AA9}"
EndProject
Project("{2150E333-8FDC-42A3-9474-1A3956D46DE8}") = "Solution Items", "Solution Items", "{D2C91D44-9E63-4D0A-A6B6-AFCE241D8352}"
	ProjectSection(SolutionItems) = preProject
		.gitignore = .gitignore
		Guide.txt = Guide.txt
	EndProjectSection
EndProject
Global
	GlobalSection(SolutionConfigurationPlatforms) = preSolution
		Debug|Any CPU = Debug|Any CPU
		Release|Any CPU = Release|Any CPU
	EndGlobalSection
	GlobalSection(ProjectConfigurationPlatforms) = postSolution
		{EB1FF26B-DB66-4890-9495-02DA953F8AAC}.Debug|Any CPU.ActiveCfg = Debug|Any CPU
		{EB1FF26B-DB66-4890-9495-02DA953F8AAC}.Debug|Any CPU.Build.0 = Debug|Any CPU
		{EB1FF26B-DB66-4890-9495-02DA953F8AAC}.Release|Any CPU.ActiveCfg = Release|Any CPU
		{EB1FF26B-DB66-4890-9495-02DA953F8AAC}.Release|Any CPU.Build.0 = Release|Any CPU
		{AD169CAF-55E7-4CC4-98DD-3290C1343AA9}.Debug|Any CPU.ActiveCfg = Debug|Any CPU
		{AD169CAF-55E7-4CC4-98DD-3290C1343AA9}.Debug|Any CPU.Build.0 = Debug|Any CPU
		{AD169CAF-55E7-4CC4-98DD-3290C1343AA9}.Release|Any CPU.ActiveCfg = Release|Any CPU
		{AD169CAF-55E7-4CC4-98DD-3290C1343AA9}.Release|Any CPU.Build.0 = Release|Any CPU
	EndGlobalSection
	GlobalSection(SolutionProperties) = preSolution
		HideSolutionNode = FALSE
	EndGlobalSection
	GlobalSection(ExtensibilityGlobals) = postSolution
		SolutionGuid = {5304D2D4-969E-45F3-B546-EDAE3EA21A2E}
	EndGlobalSection
EndGlobal
